
Microsoft Visual Studio Solution File, Format Version 12.00
# Visual Studio Version 17
VisualStudioVersion = 17.4.33122.133
MinimumVisualStudioVersion = 10.0.40219.1
Project("{FAE04EC0-301F-11D3-BF4B-00C04F79EFBC}") = "install-from-nuget", "install-from-nuget\install-from-nuget.csproj", "{1F87F772-89F0-4C75-9982-E8B60329DED1}"
EndProject
Global
	GlobalSection(SolutionConfigurationPlatforms) = preSolution
		Debug|Any CPU = Debug|Any CPU
		Release|Any CPU = Release|Any CPU
	EndGlobalSection
	GlobalSection(ProjectConfigurationPlatforms) = postSolution
		{1F87F772-89F0-4C75-9982-E8B60329DED1}.Debug|Any CPU.ActiveCfg = Debug|Any CPU
		{1F87F772-89F0-4C75-9982-E8B60329DED1}.Debug|Any CPU.Build.0 = Debug|Any CPU
		{1F87F772-89F0-4C75-9982-E8B60329DED1}.Release|Any CPU.ActiveCfg = Release|Any CPU
		{1F87F772-89F0-4C75-9982-E8B60329DED1}.Release|Any CPU.Build.0 = Release|Any CPU
	EndGlobalSection
	GlobalSection(SolutionProperties) = preSolution
		HideSolutionNode = FALSE
	EndGlobalSection
	GlobalSection(ExtensibilityGlobals) = postSolution
		SolutionGuid = {F80524DF-F0E3-4CCD-89D3-6F0A341B0C6C}
	EndGlobalSection
EndGlobal
